
Microsoft Visual Studio Solution File, Format Version 12.00
# Visual Studio 15
VisualStudioVersion = 15.0.28307.421
MinimumVisualStudioVersion = 10.0.40219.1
Project("{FAE04EC0-301F-11D3-BF4B-00C04F79EFBC}") = "ConsoleApp", "ConsoleApp\ConsoleApp.csproj", "{81FEF97C-5895-4B1A-A61A-2F639C397985}"
EndProject
Project("{FAE04EC0-301F-11D3-BF4B-00C04F79EFBC}") = "LiteDB5App", "LiteDB5App\LiteDB5App.csproj", "{341E0689-5EA5-4FF4-8F20-4DB2EF4F06CA}"
EndProject
Project("{FAE04EC0-301F-11D3-BF4B-00C04F79EFBC}") = "LiteDB3App", "LiteDB3App\LiteDB3App.csproj", "{D8ABBF3B-C7A4-4D44-8DC4-F49CD6A8035F}"
EndProject
Global
	GlobalSection(SolutionConfigurationPlatforms) = preSolution
		Debug|Any CPU = Debug|Any CPU
		Debug|x64 = Debug|x64
		Release|Any CPU = Release|Any CPU
		Release|x64 = Release|x64
	EndGlobalSection
	GlobalSection(ProjectConfigurationPlatforms) = postSolution
		{81FEF97C-5895-4B1A-A61A-2F639C397985}.Debug|Any CPU.ActiveCfg = Debug|Any CPU
		{81FEF97C-5895-4B1A-A61A-2F639C397985}.Debug|Any CPU.Build.0 = Debug|Any CPU
		{81FEF97C-5895-4B1A-A61A-2F639C397985}.Debug|x64.ActiveCfg = Debug|Any CPU
		{81FEF97C-5895-4B1A-A61A-2F639C397985}.Debug|x64.Build.0 = Debug|Any CPU
		{81FEF97C-5895-4B1A-A61A-2F639C397985}.Release|Any CPU.ActiveCfg = Release|Any CPU
		{81FEF97C-5895-4B1A-A61A-2F639C397985}.Release|Any CPU.Build.0 = Release|Any CPU
		{81FEF97C-5895-4B1A-A61A-2F639C397985}.Release|x64.ActiveCfg = Release|Any CPU
		{81FEF97C-5895-4B1A-A61A-2F639C397985}.Release|x64.Build.0 = Release|Any CPU
		{341E0689-5EA5-4FF4-8F20-4DB2EF4F06CA}.Debug|Any CPU.ActiveCfg = Debug|Any CPU
		{341E0689-5EA5-4FF4-8F20-4DB2EF4F06CA}.Debug|Any CPU.Build.0 = Debug|Any CPU
		{341E0689-5EA5-4FF4-8F20-4DB2EF4F06CA}.Debug|x64.ActiveCfg = Debug|x64
		{341E0689-5EA5-4FF4-8F20-4DB2EF4F06CA}.Debug|x64.Build.0 = Debug|x64
		{341E0689-5EA5-4FF4-8F20-4DB2EF4F06CA}.Release|Any CPU.ActiveCfg = Release|Any CPU
		{341E0689-5EA5-4FF4-8F20-4DB2EF4F06CA}.Release|Any CPU.Build.0 = Release|Any CPU
		{341E0689-5EA5-4FF4-8F20-4DB2EF4F06CA}.Release|x64.ActiveCfg = Release|x64
		{341E0689-5EA5-4FF4-8F20-4DB2EF4F06CA}.Release|x64.Build.0 = Release|x64
		{D8ABBF3B-C7A4-4D44-8DC4-F49CD6A8035F}.Debug|Any CPU.ActiveCfg = Debug|Any CPU
		{D8ABBF3B-C7A4-4D44-8DC4-F49CD6A8035F}.Debug|Any CPU.Build.0 = Debug|Any CPU
		{D8ABBF3B-C7A4-4D44-8DC4-F49CD6A8035F}.Debug|x64.ActiveCfg = Debug|Any CPU
		{D8ABBF3B-C7A4-4D44-8DC4-F49CD6A8035F}.Debug|x64.Build.0 = Debug|Any CPU
		{D8ABBF3B-C7A4-4D44-8DC4-F49CD6A8035F}.Release|Any CPU.ActiveCfg = Release|Any CPU
		{D8ABBF3B-C7A4-4D44-8DC4-F49CD6A8035F}.Release|Any CPU.Build.0 = Release|Any CPU
		{D8ABBF3B-C7A4-4D44-8DC4-F49CD6A8035F}.Release|x64.ActiveCfg = Release|Any CPU
		{D8ABBF3B-C7A4-4D44-8DC4-F49CD6A8035F}.Release|x64.Build.0 = Release|Any CPU
	EndGlobalSection
	GlobalSection(SolutionProperties) = preSolution
		HideSolutionNode = FALSE
	EndGlobalSection
	GlobalSection(ExtensibilityGlobals) = postSolution
		SolutionGuid = {CB6B1897-749A-4160-8F02-C97B983667E0}
	EndGlobalSection
EndGlobal
